// !$*UTF8*$!
{
	archiveVersion = 1;
	classes = {
	};
	objectVersion = 50;
	objects = {

/* Begin PBXBuildFile section */
		D325049724288BED005F6549 /* AppDelegate.swift in Sources */ = {isa = PBXBuildFile; fileRef = D325049624288BED005F6549 /* AppDelegate.swift */; };
		D325049924288BED005F6549 /* SceneDelegate.swift in Sources */ = {isa = PBXBuildFile; fileRef = D325049824288BED005F6549 /* SceneDelegate.swift */; };
		D325049B24288BED005F6549 /* ViewController.swift in Sources */ = {isa = PBXBuildFile; fileRef = D325049A24288BED005F6549 /* ViewController.swift */; };
		D325049E24288BED005F6549 /* Main.storyboard in Resources */ = {isa = PBXBuildFile; fileRef = D325049C24288BED005F6549 /* Main.storyboard */; };
		D32504A024288BEF005F6549 /* Assets.xcassets in Resources */ = {isa = PBXBuildFile; fileRef = D325049F24288BEF005F6549 /* Assets.xcassets */; };
		D32504A324288BEF005F6549 /* LaunchScreen.storyboard in Resources */ = {isa = PBXBuildFile; fileRef = D32504A124288BEF005F6549 /* LaunchScreen.storyboard */; };
		D32504AE24288BF0005F6549 /* EasySignInWithAppleTests.swift in Sources */ = {isa = PBXBuildFile; fileRef = D32504AD24288BF0005F6549 /* EasySignInWithAppleTests.swift */; };
		D32504B924288BF0005F6549 /* EasySignInWithAppleUITests.swift in Sources */ = {isa = PBXBuildFile; fileRef = D32504B824288BF0005F6549 /* EasySignInWithAppleUITests.swift */; };
		D32504C82428A71A005F6549 /* MyProfileViewController.swift in Sources */ = {isa = PBXBuildFile; fileRef = D32504C72428A71A005F6549 /* MyProfileViewController.swift */; };
		D32504CA2428AC2D005F6549 /* KeychainItem.swift in Sources */ = {isa = PBXBuildFile; fileRef = D32504C92428AC2D005F6549 /* KeychainItem.swift */; };
		D32504CC2428AEDA005F6549 /* User.swift in Sources */ = {isa = PBXBuildFile; fileRef = D32504CB2428AEDA005F6549 /* User.swift */; };
/* End PBXBuildFile section */

/* Begin PBXContainerItemProxy section */
		D32504AA24288BF0005F6549 /* PBXContainerItemProxy */ = {
			isa = PBXContainerItemProxy;
			containerPortal = D325048B24288BED005F6549 /* Project object */;
			proxyType = 1;
			remoteGlobalIDString = D325049224288BED005F6549;
			remoteInfo = EasySignInWithApple;
		};
		D32504B524288BF0005F6549 /* PBXContainerItemProxy */ = {
			isa = PBXContainerItemProxy;
			containerPortal = D325048B24288BED005F6549 /* Project object */;
			proxyType = 1;
			remoteGlobalIDString = D325049224288BED005F6549;
			remoteInfo = EasySignInWithApple;
		};
/* End PBXContainerItemProxy section */

/* Begin PBXFileReference section */
		D325049324288BED005F6549 /* EasySignInWithApple.app */ = {isa = PBXFileReference; explicitFileType = wrapper.application; includeInIndex = 0; path = EasySignInWithApple.app; sourceTree = BUILT_PRODUCTS_DIR; };
		D325049624288BED005F6549 /* AppDelegate.swift */ = {isa = PBXFileReference; lastKnownFileType = sourcecode.swift; path = AppDelegate.swift; sourceTree = "<group>"; };
		D325049824288BED005F6549 /* SceneDelegate.swift */ = {isa = PBXFileReference; lastKnownFileType = sourcecode.swift; path = SceneDelegate.swift; sourceTree = "<group>"; };
		D325049A24288BED005F6549 /* ViewController.swift */ = {isa = PBXFileReference; lastKnownFileType = sourcecode.swift; path = ViewController.swift; sourceTree = "<group>"; };
		D325049D24288BED005F6549 /* Base */ = {isa = PBXFileReference; lastKnownFileType = file.storyboard; name = Base; path = Base.lproj/Main.storyboard; sourceTree = "<group>"; };
		D325049F24288BEF005F6549 /* Assets.xcassets */ = {isa = PBXFileReference; lastKnownFileType = folder.assetcatalog; path = Assets.xcassets; sourceTree = "<group>"; };
		D32504A224288BEF005F6549 /* Base */ = {isa = PBXFileReference; lastKnownFileType = file.storyboard; name = Base; path = Base.lproj/LaunchScreen.storyboard; sourceTree = "<group>"; };
		D32504A424288BEF005F6549 /* Info.plist */ = {isa = PBXFileReference; lastKnownFileType = text.plist.xml; path = Info.plist; sourceTree = "<group>"; };
		D32504A924288BF0005F6549 /* EasySignInWithAppleTests.xctest */ = {isa = PBXFileReference; explicitFileType = wrapper.cfbundle; includeInIndex = 0; path = EasySignInWithAppleTests.xctest; sourceTree = BUILT_PRODUCTS_DIR; };
		D32504AD24288BF0005F6549 /* EasySignInWithAppleTests.swift */ = {isa = PBXFileReference; lastKnownFileType = sourcecode.swift; path = EasySignInWithAppleTests.swift; sourceTree = "<group>"; };
		D32504AF24288BF0005F6549 /* Info.plist */ = {isa = PBXFileReference; lastKnownFileType = text.plist.xml; path = Info.plist; sourceTree = "<group>"; };
		D32504B424288BF0005F6549 /* EasySignInWithAppleUITests.xctest */ = {isa = PBXFileReference; explicitFileType = wrapper.cfbundle; includeInIndex = 0; path = EasySignInWithAppleUITests.xctest; sourceTree = BUILT_PRODUCTS_DIR; };
		D32504B824288BF0005F6549 /* EasySignInWithAppleUITests.swift */ = {isa = PBXFileReference; lastKnownFileType = sourcecode.swift; path = EasySignInWithAppleUITests.swift; sourceTree = "<group>"; };
		D32504BA24288BF0005F6549 /* Info.plist */ = {isa = PBXFileReference; lastKnownFileType = text.plist.xml; path = Info.plist; sourceTree = "<group>"; };
		D32504C624289D0E005F6549 /* EasySignInWithApple.entitlements */ = {isa = PBXFileReference; lastKnownFileType = text.plist.entitlements; path = EasySignInWithApple.entitlements; sourceTree = "<group>"; };
		D32504C72428A71A005F6549 /* MyProfileViewController.swift */ = {isa = PBXFileReference; lastKnownFileType = sourcecode.swift; path = MyProfileViewController.swift; sourceTree = "<group>"; };
		D32504C92428AC2D005F6549 /* KeychainItem.swift */ = {isa = PBXFileReference; fileEncoding = 4; lastKnownFileType = sourcecode.swift; path = KeychainItem.swift; sourceTree = "<group>"; };
		D32504CB2428AEDA005F6549 /* User.swift */ = {isa = PBXFileReference; lastKnownFileType = sourcecode.swift; path = User.swift; sourceTree = "<group>"; };
/* End PBXFileReference section */

/* Begin PBXFrameworksBuildPhase section */
		D325049024288BED005F6549 /* Frameworks */ = {
			isa = PBXFrameworksBuildPhase;
			buildActionMask = 2147483647;
			files = (
			);
			runOnlyForDeploymentPostprocessing = 0;
		};
		D32504A624288BF0005F6549 /* Frameworks */ = {
			isa = PBXFrameworksBuildPhase;
			buildActionMask = 2147483647;
			files = (
			);
			runOnlyForDeploymentPostprocessing = 0;
		};
		D32504B124288BF0005F6549 /* Frameworks */ = {
			isa = PBXFrameworksBuildPhase;
			buildActionMask = 2147483647;
			files = (
			);
			runOnlyForDeploymentPostprocessing = 0;
		};
/* End PBXFrameworksBuildPhase section */

/* Begin PBXGroup section */
		D325048A24288BED005F6549 = {
			isa = PBXGroup;
			children = (
				D325049524288BED005F6549 /* EasySignInWithApple */,
				D32504AC24288BF0005F6549 /* EasySignInWithAppleTests */,
				D32504B724288BF0005F6549 /* EasySignInWithAppleUITests */,
				D325049424288BED005F6549 /* Products */,
			);
			sourceTree = "<group>";
		};
		D325049424288BED005F6549 /* Products */ = {
			isa = PBXGroup;
			children = (
				D325049324288BED005F6549 /* EasySignInWithApple.app */,
				D32504A924288BF0005F6549 /* EasySignInWithAppleTests.xctest */,
				D32504B424288BF0005F6549 /* EasySignInWithAppleUITests.xctest */,
			);
			name = Products;
			sourceTree = "<group>";
		};
		D325049524288BED005F6549 /* EasySignInWithApple */ = {
			isa = PBXGroup;
			children = (
				D32504C624289D0E005F6549 /* EasySignInWithApple.entitlements */,
				D325049624288BED005F6549 /* AppDelegate.swift */,
				D325049824288BED005F6549 /* SceneDelegate.swift */,
				D32504C92428AC2D005F6549 /* KeychainItem.swift */,
				D32504CB2428AEDA005F6549 /* User.swift */,
				D32504C72428A71A005F6549 /* MyProfileViewController.swift */,
				D325049A24288BED005F6549 /* ViewController.swift */,
				D325049C24288BED005F6549 /* Main.storyboard */,
				D325049F24288BEF005F6549 /* Assets.xcassets */,
				D32504A124288BEF005F6549 /* LaunchScreen.storyboard */,
				D32504A424288BEF005F6549 /* Info.plist */,
			);
			path = EasySignInWithApple;
			sourceTree = "<group>";
		};
		D32504AC24288BF0005F6549 /* EasySignInWithAppleTests */ = {
			isa = PBXGroup;
			children = (
				D32504AD24288BF0005F6549 /* EasySignInWithAppleTests.swift */,
				D32504AF24288BF0005F6549 /* Info.plist */,
			);
			path = EasySignInWithAppleTests;
			sourceTree = "<group>";
		};
		D32504B724288BF0005F6549 /* EasySignInWithAppleUITests */ = {
			isa = PBXGroup;
			children = (
				D32504B824288BF0005F6549 /* EasySignInWithAppleUITests.swift */,
				D32504BA24288BF0005F6549 /* Info.plist */,
			);
			path = EasySignInWithAppleUITests;
			sourceTree = "<group>";
		};
/* End PBXGroup section */

/* Begin PBXNativeTarget section */
		D325049224288BED005F6549 /* EasySignInWithApple */ = {
			isa = PBXNativeTarget;
			buildConfigurationList = D32504BD24288BF0005F6549 /* Build configuration list for PBXNativeTarget "EasySignInWithApple" */;
			buildPhases = (
				D325048F24288BED005F6549 /* Sources */,
				D325049024288BED005F6549 /* Frameworks */,
				D325049124288BED005F6549 /* Resources */,
			);
			buildRules = (
			);
			dependencies = (
			);
			name = EasySignInWithApple;
			productName = EasySignInWithApple;
			productReference = D325049324288BED005F6549 /* EasySignInWithApple.app */;
			productType = "com.apple.product-type.application";
		};
		D32504A824288BF0005F6549 /* EasySignInWithAppleTests */ = {
			isa = PBXNativeTarget;
			buildConfigurationList = D32504C024288BF0005F6549 /* Build configuration list for PBXNativeTarget "EasySignInWithAppleTests" */;
			buildPhases = (
				D32504A524288BF0005F6549 /* Sources */,
				D32504A624288BF0005F6549 /* Frameworks */,
				D32504A724288BF0005F6549 /* Resources */,
			);
			buildRules = (
			);
			dependencies = (
				D32504AB24288BF0005F6549 /* PBXTargetDependency */,
			);
			name = EasySignInWithAppleTests;
			productName = EasySignInWithAppleTests;
			productReference = D32504A924288BF0005F6549 /* EasySignInWithAppleTests.xctest */;
			productType = "com.apple.product-type.bundle.unit-test";
		};
		D32504B324288BF0005F6549 /* EasySignInWithAppleUITests */ = {
			isa = PBXNativeTarget;
			buildConfigurationList = D32504C324288BF0005F6549 /* Build configuration list for PBXNativeTarget "EasySignInWithAppleUITests" */;
			buildPhases = (
				D32504B024288BF0005F6549 /* Sources */,
				D32504B124288BF0005F6549 /* Frameworks */,
				D32504B224288BF0005F6549 /* Resources */,
			);
			buildRules = (
			);
			dependencies = (
				D32504B624288BF0005F6549 /* PBXTargetDependency */,
			);
			name = EasySignInWithAppleUITests;
			productName = EasySignInWithAppleUITests;
			productReference = D32504B424288BF0005F6549 /* EasySignInWithAppleUITests.xctest */;
			productType = "com.apple.product-type.bundle.ui-testing";
		};
/* End PBXNativeTarget section */

/* Begin PBXProject section */
		D325048B24288BED005F6549 /* Project object */ = {
			isa = PBXProject;
			attributes = {
				LastSwiftUpdateCheck = 1130;
				LastUpgradeCheck = 1130;
				ORGANIZATIONNAME = "Wirunpong Jaingamlertwong";
				TargetAttributes = {
					D325049224288BED005F6549 = {
						CreatedOnToolsVersion = 11.3.1;
					};
					D32504A824288BF0005F6549 = {
						CreatedOnToolsVersion = 11.3.1;
						TestTargetID = D325049224288BED005F6549;
					};
					D32504B324288BF0005F6549 = {
						CreatedOnToolsVersion = 11.3.1;
						TestTargetID = D325049224288BED005F6549;
					};
				};
			};
			buildConfigurationList = D325048E24288BED005F6549 /* Build configuration list for PBXProject "EasySignInWithApple" */;
			compatibilityVersion = "Xcode 9.3";
			developmentRegion = en;
			hasScannedForEncodings = 0;
			knownRegions = (
				en,
				Base,
			);
			mainGroup = D325048A24288BED005F6549;
			productRefGroup = D325049424288BED005F6549 /* Products */;
			projectDirPath = "";
			projectRoot = "";
			targets = (
				D325049224288BED005F6549 /* EasySignInWithApple */,
				D32504A824288BF0005F6549 /* EasySignInWithAppleTests */,
				D32504B324288BF0005F6549 /* EasySignInWithAppleUITests */,
			);
		};
/* End PBXProject section */

/* Begin PBXResourcesBuildPhase section */
		D325049124288BED005F6549 /* Resources */ = {
			isa = PBXResourcesBuildPhase;
			buildActionMask = 2147483647;
			files = (
				D32504A324288BEF005F6549 /* LaunchScreen.storyboard in Resources */,
				D32504A024288BEF005F6549 /* Assets.xcassets in Resources */,
				D325049E24288BED005F6549 /* Main.storyboard in Resources */,
			);
			runOnlyForDeploymentPostprocessing = 0;
		};
		D32504A724288BF0005F6549 /* Resources */ = {
			isa = PBXResourcesBuildPhase;
			buildActionMask = 2147483647;
			files = (
			);
			runOnlyForDeploymentPostprocessing = 0;
		};
		D32504B224288BF0005F6549 /* Resources */ = {
			isa = PBXResourcesBuildPhase;
			buildActionMask = 2147483647;
			files = (
			);
			runOnlyForDeploymentPostprocessing = 0;
		};
/* End PBXResourcesBuildPhase section */

/* Begin PBXSourcesBuildPhase section */
		D325048F24288BED005F6549 /* Sources */ = {
			isa = PBXSourcesBuildPhase;
			buildActionMask = 2147483647;
			files = (
				D325049B24288BED005F6549 /* ViewController.swift in Sources */,
				D325049724288BED005F6549 /* AppDelegate.swift in Sources */,
				D32504CC2428AEDA005F6549 /* User.swift in Sources */,
				D32504CA2428AC2D005F6549 /* KeychainItem.swift in Sources */,
				D32504C82428A71A005F6549 /* MyProfileViewController.swift in Sources */,
				D325049924288BED005F6549 /* SceneDelegate.swift in Sources */,
			);
			runOnlyForDeploymentPostprocessing = 0;
		};
		D32504A524288BF0005F6549 /* Sources */ = {
			isa = PBXSourcesBuildPhase;
			buildActionMask = 2147483647;
			files = (
				D32504AE24288BF0005F6549 /* EasySignInWithAppleTests.swift in Sources */,
			);
			runOnlyForDeploymentPostprocessing = 0;
		};
		D32504B024288BF0005F6549 /* Sources */ = {
			isa = PBXSourcesBuildPhase;
			buildActionMask = 2147483647;
			files = (
				D32504B924288BF0005F6549 /* EasySignInWithAppleUITests.swift in Sources */,
			);
			runOnlyForDeploymentPostprocessing = 0;
		};
/* End PBXSourcesBuildPhase section */

/* Begin PBXTargetDependency section */
		D32504AB24288BF0005F6549 /* PBXTargetDependency */ = {
			isa = PBXTargetDependency;
			target = D325049224288BED005F6549 /* EasySignInWithApple */;
			targetProxy = D32504AA24288BF0005F6549 /* PBXContainerItemProxy */;
		};
		D32504B624288BF0005F6549 /* PBXTargetDependency */ = {
			isa = PBXTargetDependency;
			target = D325049224288BED005F6549 /* EasySignInWithApple */;
			targetProxy = D32504B524288BF0005F6549 /* PBXContainerItemProxy */;
		};
/* End PBXTargetDependency section */

/* Begin PBXVariantGroup section */
		D325049C24288BED005F6549 /* Main.storyboard */ = {
			isa = PBXVariantGroup;
			children = (
				D325049D24288BED005F6549 /* Base */,
			);
			name = Main.storyboard;
			sourceTree = "<group>";
		};
		D32504A124288BEF005F6549 /* LaunchScreen.storyboard */ = {
			isa = PBXVariantGroup;
			children = (
				D32504A224288BEF005F6549 /* Base */,
			);
			name = LaunchScreen.storyboard;
			sourceTree = "<group>";
		};
/* End PBXVariantGroup section */

/* Begin XCBuildConfiguration section */
		D32504BB24288BF0005F6549 /* Debug */ = {
			isa = XCBuildConfiguration;
			buildSettings = {
				ALWAYS_SEARCH_USER_PATHS = NO;
				CLANG_ANALYZER_NONNULL = YES;
				CLANG_ANALYZER_NUMBER_OBJECT_CONVERSION = YES_AGGRESSIVE;
				CLANG_CXX_LANGUAGE_STANDARD = "gnu++14";
				CLANG_CXX_LIBRARY = "libc++";
				CLANG_ENABLE_MODULES = YES;
				CLANG_ENABLE_OBJC_ARC = YES;
				CLANG_ENABLE_OBJC_WEAK = YES;
				CLANG_WARN_BLOCK_CAPTURE_AUTORELEASING = YES;
				CLANG_WARN_BOOL_CONVERSION = YES;
				CLANG_WARN_COMMA = YES;
				CLANG_WARN_CONSTANT_CONVERSION = YES;
				CLANG_WARN_DEPRECATED_OBJC_IMPLEMENTATIONS = YES;
				CLANG_WARN_DIRECT_OBJC_ISA_USAGE = YES_ERROR;
				CLANG_WARN_DOCUMENTATION_COMMENTS = YES;
				CLANG_WARN_EMPTY_BODY = YES;
				CLANG_WARN_ENUM_CONVERSION = YES;
				CLANG_WARN_INFINITE_RECURSION = YES;
				CLANG_WARN_INT_CONVERSION = YES;
				CLANG_WARN_NON_LITERAL_NULL_CONVERSION = YES;
				CLANG_WARN_OBJC_IMPLICIT_RETAIN_SELF = YES;
				CLANG_WARN_OBJC_LITERAL_CONVERSION = YES;
				CLANG_WARN_OBJC_ROOT_CLASS = YES_ERROR;
				CLANG_WARN_RANGE_LOOP_ANALYSIS = YES;
				CLANG_WARN_STRICT_PROTOTYPES = YES;
				CLANG_WARN_SUSPICIOUS_MOVE = YES;
				CLANG_WARN_UNGUARDED_AVAILABILITY = YES_AGGRESSIVE;
				CLANG_WARN_UNREACHABLE_CODE = YES;
				CLANG_WARN__DUPLICATE_METHOD_MATCH = YES;
				COPY_PHASE_STRIP = NO;
				DEBUG_INFORMATION_FORMAT = dwarf;
				ENABLE_STRICT_OBJC_MSGSEND = YES;
				ENABLE_TESTABILITY = YES;
				GCC_C_LANGUAGE_STANDARD = gnu11;
				GCC_DYNAMIC_NO_PIC = NO;
				GCC_NO_COMMON_BLOCKS = YES;
				GCC_OPTIMIZATION_LEVEL = 0;
				GCC_PREPROCESSOR_DEFINITIONS = (
					"DEBUG=1",
					"$(inherited)",
				);
				GCC_WARN_64_TO_32_BIT_CONVERSION = YES;
				GCC_WARN_ABOUT_RETURN_TYPE = YES_ERROR;
				GCC_WARN_UNDECLARED_SELECTOR = YES;
				GCC_WARN_UNINITIALIZED_AUTOS = YES_AGGRESSIVE;
				GCC_WARN_UNUSED_FUNCTION = YES;
				GCC_WARN_UNUSED_VARIABLE = YES;
				IPHONEOS_DEPLOYMENT_TARGET = 13.2;
				MTL_ENABLE_DEBUG_INFO = INCLUDE_SOURCE;
				MTL_FAST_MATH = YES;
				ONLY_ACTIVE_ARCH = YES;
				SDKROOT = iphoneos;
				SWIFT_ACTIVE_COMPILATION_CONDITIONS = DEBUG;
				SWIFT_OPTIMIZATION_LEVEL = "-Onone";
			};
			name = Debug;
		};
		D32504BC24288BF0005F6549 /* Release */ = {
			isa = XCBuildConfiguration;
			buildSettings = {
				ALWAYS_SEARCH_USER_PATHS = NO;
				CLANG_ANALYZER_NONNULL = YES;
				CLANG_ANALYZER_NUMBER_OBJECT_CONVERSION = YES_AGGRESSIVE;
				CLANG_CXX_LANGUAGE_STANDARD = "gnu++14";
				CLANG_CXX_LIBRARY = "libc++";
				CLANG_ENABLE_MODULES = YES;
				CLANG_ENABLE_OBJC_ARC = YES;
				CLANG_ENABLE_OBJC_WEAK = YES;
				CLANG_WARN_BLOCK_CAPTURE_AUTORELEASING = YES;
				CLANG_WARN_BOOL_CONVERSION = YES;
				CLANG_WARN_COMMA = YES;
				CLANG_WARN_CONSTANT_CONVERSION = YES;
				CLANG_WARN_DEPRECATED_OBJC_IMPLEMENTATIONS = YES;
				CLANG_WARN_DIRECT_OBJC_ISA_USAGE = YES_ERROR;
				CLANG_WARN_DOCUMENTATION_COMMENTS = YES;
				CLANG_WARN_EMPTY_BODY = YES;
				CLANG_WARN_ENUM_CONVERSION = YES;
				CLANG_WARN_INFINITE_RECURSION = YES;
				CLANG_WARN_INT_CONVERSION = YES;
				CLANG_WARN_NON_LITERAL_NULL_CONVERSION = YES;
				CLANG_WARN_OBJC_IMPLICIT_RETAIN_SELF = YES;
				CLANG_WARN_OBJC_LITERAL_CONVERSION = YES;
				CLANG_WARN_OBJC_ROOT_CLASS = YES_ERROR;
				CLANG_WARN_RANGE_LOOP_ANALYSIS = YES;
				CLANG_WARN_STRICT_PROTOTYPES = YES;
				CLANG_WARN_SUSPICIOUS_MOVE = YES;
				CLANG_WARN_UNGUARDED_AVAILABILITY = YES_AGGRESSIVE;
				CLANG_WARN_UNREACHABLE_CODE = YES;
				CLANG_WARN__DUPLICATE_METHOD_MATCH = YES;
				COPY_PHASE_STRIP = NO;
				DEBUG_INFORMATION_FORMAT = "dwarf-with-dsym";
				ENABLE_NS_ASSERTIONS = NO;
				ENABLE_STRICT_OBJC_MSGSEND = YES;
				GCC_C_LANGUAGE_STANDARD = gnu11;
				GCC_NO_COMMON_BLOCKS = YES;
				GCC_WARN_64_TO_32_BIT_CONVERSION = YES;
				GCC_WARN_ABOUT_RETURN_TYPE = YES_ERROR;
				GCC_WARN_UNDECLARED_SELECTOR = YES;
				GCC_WARN_UNINITIALIZED_AUTOS = YES_AGGRESSIVE;
				GCC_WARN_UNUSED_FUNCTION = YES;
				GCC_WARN_UNUSED_VARIABLE = YES;
				IPHONEOS_DEPLOYMENT_TARGET = 13.2;
				MTL_ENABLE_DEBUG_INFO = NO;
				MTL_FAST_MATH = YES;
				SDKROOT = iphoneos;
				SWIFT_COMPILATION_MODE = wholemodule;
				SWIFT_OPTIMIZATION_LEVEL = "-O";
				VALIDATE_PRODUCT = YES;
			};
			name = Release;
		};
		D32504BE24288BF0005F6549 /* Debug */ = {
			isa = XCBuildConfiguration;
			buildSettings = {
				ASSETCATALOG_COMPILER_APPICON_NAME = AppIcon;
				CODE_SIGN_ENTITLEMENTS = EasySignInWithApple/EasySignInWithApple.entitlements;
				CODE_SIGN_STYLE = Automatic;
				DEVELOPMENT_TEAM = 72F9L67UM9;
				INFOPLIST_FILE = EasySignInWithApple/Info.plist;
				LD_RUNPATH_SEARCH_PATHS = (
					"$(inherited)",
					"@executable_path/Frameworks",
				);
				PRODUCT_BUNDLE_IDENTIFIER = com.bellkung.EasySignInWithApplez;
				PRODUCT_NAME = "$(TARGET_NAME)";
				SWIFT_VERSION = 5.0;
				TARGETED_DEVICE_FAMILY = "1,2";
			};
			name = Debug;
		};
		D32504BF24288BF0005F6549 /* Release */ = {
			isa = XCBuildConfiguration;
			buildSettings = {
				ASSETCATALOG_COMPILER_APPICON_NAME = AppIcon;
				CODE_SIGN_ENTITLEMENTS = EasySignInWithApple/EasySignInWithApple.entitlements;
				CODE_SIGN_STYLE = Automatic;
				DEVELOPMENT_TEAM = 72F9L67UM9;
				INFOPLIST_FILE = EasySignInWithApple/Info.plist;
				LD_RUNPATH_SEARCH_PATHS = (
					"$(inherited)",
					"@executable_path/Frameworks",
				);
				PRODUCT_BUNDLE_IDENTIFIER = com.bellkung.EasySignInWithApplez;
				PRODUCT_NAME = "$(TARGET_NAME)";
				SWIFT_VERSION = 5.0;
				TARGETED_DEVICE_FAMILY = "1,2";
			};
			name = Release;
		};
		D32504C124288BF0005F6549 /* Debug */ = {
			isa = XCBuildConfiguration;
			buildSettings = {
				ALWAYS_EMBED_SWIFT_STANDARD_LIBRARIES = YES;
				BUNDLE_LOADER = "$(TEST_HOST)";
				CODE_SIGN_STYLE = Automatic;
				DEVELOPMENT_TEAM = CHK5JYM245;
				INFOPLIST_FILE = EasySignInWithAppleTests/Info.plist;
				IPHONEOS_DEPLOYMENT_TARGET = 13.2;
				LD_RUNPATH_SEARCH_PATHS = (
					"$(inherited)",
					"@executable_path/Frameworks",
					"@loader_path/Frameworks",
				);
				PRODUCT_BUNDLE_IDENTIFIER = com.bellkung.EasySignInWithAppleTests;
				PRODUCT_NAME = "$(TARGET_NAME)";
				SWIFT_VERSION = 5.0;
				TARGETED_DEVICE_FAMILY = "1,2";
				TEST_HOST = "$(BUILT_PRODUCTS_DIR)/EasySignInWithApple.app/EasySignInWithApple";
			};
			name = Debug;
		};
		D32504C224288BF0005F6549 /* Release */ = {
			isa = XCBuildConfiguration;
			buildSettings = {
				ALWAYS_EMBED_SWIFT_STANDARD_LIBRARIES = YES;
				BUNDLE_LOADER = "$(TEST_HOST)";
				CODE_SIGN_STYLE = Automatic;
				DEVELOPMENT_TEAM = CHK5JYM245;
				INFOPLIST_FILE = EasySignInWithAppleTests/Info.plist;
				IPHONEOS_DEPLOYMENT_TARGET = 13.2;
				LD_RUNPATH_SEARCH_PATHS = (
					"$(inherited)",
					"@executable_path/Frameworks",
					"@loader_path/Frameworks",
				);
				PRODUCT_BUNDLE_IDENTIFIER = com.bellkung.EasySignInWithAppleTests;
				PRODUCT_NAME = "$(TARGET_NAME)";
				SWIFT_VERSION = 5.0;
				TARGETED_DEVICE_FAMILY = "1,2";
				TEST_HOST = "$(BUILT_PRODUCTS_DIR)/EasySignInWithApple.app/EasySignInWithApple";
			};
			name = Release;
		};
		D32504C424288BF0005F6549 /* Debug */ = {
			isa = XCBuildConfiguration;
			buildSettings = {
				ALWAYS_EMBED_SWIFT_STANDARD_LIBRARIES = YES;
				CODE_SIGN_STYLE = Automatic;
				DEVELOPMENT_TEAM = CHK5JYM245;
				INFOPLIST_FILE = EasySignInWithAppleUITests/Info.plist;
				LD_RUNPATH_SEARCH_PATHS = (
					"$(inherited)",
					"@executable_path/Frameworks",
					"@loader_path/Frameworks",
				);
				PRODUCT_BUNDLE_IDENTIFIER = com.bellkung.EasySignInWithAppleUITests;
				PRODUCT_NAME = "$(TARGET_NAME)";
				SWIFT_VERSION = 5.0;
				TARGETED_DEVICE_FAMILY = "1,2";
				TEST_TARGET_NAME = EasySignInWithApple;
			};
			name = Debug;
		};
		D32504C524288BF0005F6549 /* Release */ = {
			isa = XCBuildConfiguration;
			buildSettings = {
				ALWAYS_EMBED_SWIFT_STANDARD_LIBRARIES = YES;
				CODE_SIGN_STYLE = Automatic;
				DEVELOPMENT_TEAM = CHK5JYM245;
				INFOPLIST_FILE = EasySignInWithAppleUITests/Info.plist;
				LD_RUNPATH_SEARCH_PATHS = (
					"$(inherited)",
					"@executable_path/Frameworks",
					"@loader_path/Frameworks",
				);
				PRODUCT_BUNDLE_IDENTIFIER = com.bellkung.EasySignInWithAppleUITests;
				PRODUCT_NAME = "$(TARGET_NAME)";
				SWIFT_VERSION = 5.0;
				TARGETED_DEVICE_FAMILY = "1,2";
				TEST_TARGET_NAME = EasySignInWithApple;
			};
			name = Release;
		};
/* End XCBuildConfiguration section */

/* Begin XCConfigurationList section */
		D325048E24288BED005F6549 /* Build configuration list for PBXProject "EasySignInWithApple" */ = {
			isa = XCConfigurationList;
			buildConfigurations = (
				D32504BB24288BF0005F6549 /* Debug */,
				D32504BC24288BF0005F6549 /* Release */,
			);
			defaultConfigurationIsVisible = 0;
			defaultConfigurationName = Release;
		};
		D32504BD24288BF0005F6549 /* Build configuration list for PBXNativeTarget "EasySignInWithApple" */ = {
			isa = XCConfigurationList;
			buildConfigurations = (
				D32504BE24288BF0005F6549 /* Debug */,
				D32504BF24288BF0005F6549 /* Release */,
			);
			defaultConfigurationIsVisible = 0;
			defaultConfigurationName = Release;
		};
		D32504C024288BF0005F6549 /* Build configuration list for PBXNativeTarget "EasySignInWithAppleTests" */ = {
			isa = XCConfigurationList;
			buildConfigurations = (
				D32504C124288BF0005F6549 /* Debug */,
				D32504C224288BF0005F6549 /* Release */,
			);
			defaultConfigurationIsVisible = 0;
			defaultConfigurationName = Release;
		};
		D32504C324288BF0005F6549 /* Build configuration list for PBXNativeTarget "EasySignInWithAppleUITests" */ = {
			isa = XCConfigurationList;
			buildConfigurations = (
				D32504C424288BF0005F6549 /* Debug */,
				D32504C524288BF0005F6549 /* Release */,
			);
			defaultConfigurationIsVisible = 0;
			defaultConfigurationName = Release;
		};
/* End XCConfigurationList section */
	};
	rootObject = D325048B24288BED005F6549 /* Project object */;
}
